<?xml version="1.0"?>
<CONFIG>
  <ProjectOptions>
    <Version Value="9"/>
    <PathDelim Value="\"/>
    <General>
      <Flags>
        <SaveClosedFiles Value="False"/>
        <SaveJumpHistory Value="False"/>
        <SaveFoldState Value="False"/>
      </Flags>
      <SessionStorage Value="None"/>
      <MainUnit Value="0"/>
      <Title Value="Unit tests with Lazarus"/>
      <ResourceType Value="res"/>
      <UseXPManifest Value="True"/>
    </General>
    <i18n>
      <EnableI18N LFM="False"/>
    </i18n>
    <VersionInfo>
      <StringTable ProductVersion=""/>
    </VersionInfo>
    <BuildModes Count="1">
      <Item1 Name="Default" Default="True"/>
    </BuildModes>
    <PublishOptions>
      <Version Value="2"/>
      <IncludeFileFilter Value="*.(pas|pp|inc|lfm|lpr|lrs|lpi|lpk|sh|xml)"/>
      <ExcludeFileFilter Value="*.(bak|ppu|o|so);*~;backup"/>
    </PublishOptions>
    <RunParams>
      <local>
        <FormatVersion Value="1"/>
      </local>
    </RunParams>
    <RequiredPackages Count="3">
      <Item1>
        <PackageName Value="FPCUnitTestRunner"/>
      </Item1>
      <Item2>
        <PackageName Value="LCL"/>
      </Item2>
      <Item3>
        <PackageName Value="FCL"/>
      </Item3>
    </RequiredPackages>
    <Units Count="7">
      <Unit0>
        <Filename Value="LazarusUnitTests.lpr"/>
        <IsPartOfProject Value="True"/>
        <UnitName Value="LazarusUnitTests"/>
      </Unit0>
      <Unit1>
        <Filename Value="SEPATestCase.pas"/>
        <IsPartOfProject Value="True"/>
        <UnitName Value="SEPATestCase"/>
      </Unit1>
      <Unit2>
        <Filename Value="SEPACommonTests.pas"/>
        <IsPartOfProject Value="True"/>
        <UnitName Value="SEPACommonTests"/>
      </Unit2>
      <Unit3>
        <Filename Value="..\SEPACommon.pas"/>
        <IsPartOfProject Value="True"/>
        <UnitName Value="SEPACommon"/>
      </Unit3>
      <Unit4>
        <Filename Value="..\SEPACreditTransfer.pas"/>
        <IsPartOfProject Value="True"/>
        <UnitName Value="SEPACreditTransfer"/>
      </Unit4>
      <Unit5>
        <Filename Value="..\SEPADirectDebit.pas"/>
        <IsPartOfProject Value="True"/>
        <UnitName Value="SEPADirectDebit"/>
      </Unit5>
      <Unit6>
        <Filename Value="SEPACreditTransferTests.pas"/>
        <IsPartOfProject Value="True"/>
        <UnitName Value="SEPACreditTransferTests"/>
      </Unit6>
    </Units>
  </ProjectOptions>
  <CompilerOptions>
    <Version Value="11"/>
    <PathDelim Value="\"/>
    <SearchPaths>
      <IncludeFiles Value="$(ProjOutDir)"/>
      <OtherUnitFiles Value=".."/>
      <UnitOutputDirectory Value="lib\$(TargetCPU)-$(TargetOS)"/>
    </SearchPaths>
    <Other>
      <CompilerMessages>
        <MsgFileName Value=""/>
      </CompilerMessages>
      <CompilerPath Value="$(CompPath)"/>
    </Other>
  </CompilerOptions>
  <Debugging>
    <Exceptions Count="4">
      <Item1>
        <Name Value="EAbort"/>
      </Item1>
      <Item2>
        <Name Value="ECodetoolError"/>
      </Item2>
      <Item3>
        <Name Value="EFOpenError"/>
      </Item3>
      <Item4>
        <Name Value="EConvertError"/>
      </Item4>
    </Exceptions>
  </Debugging>
</CONFIG>
